
Microsoft Visual Studio Solution File, Format Version 12.00
# Visual Studio Version 16
VisualStudioVersion = 16.0.31729.503
MinimumVisualStudioVersion = 10.0.40219.1
Project("{FAE04EC0-301F-11D3-BF4B-00C04F79EFBC}") = "ACE", "ACE\ACE.csproj", "{D14C287B-329C-4438-ADC7-7E29B8B0FCBD}"
EndProject
Global
	GlobalSection(SolutionConfigurationPlatforms) = preSolution
		Debug|Any CPU = Debug|Any CPU
		Release|Any CPU = Release|Any CPU
	EndGlobalSection
	GlobalSection(ProjectConfigurationPlatforms) = postSolution
		{D14C287B-329C-4438-ADC7-7E29B8B0FCBD}.Debug|Any CPU.ActiveCfg = Debug|Any CPU
		{D14C287B-329C-4438-ADC7-7E29B8B0FCBD}.Debug|Any CPU.Build.0 = Debug|Any CPU
		{D14C287B-329C-4438-ADC7-7E29B8B0FCBD}.Release|Any CPU.ActiveCfg = Release|Any CPU
		{D14C287B-329C-4438-ADC7-7E29B8B0FCBD}.Release|Any CPU.Build.0 = Release|Any CPU
	EndGlobalSection
	GlobalSection(SolutionProperties) = preSolution
		HideSolutionNode = FALSE
	EndGlobalSection
	GlobalSection(ExtensibilityGlobals) = postSolution
		SolutionGuid = {E9E12331-4EE8-450B-973C-317E1A4C6B20}
	EndGlobalSection
EndGlobal
